# THIS IS AN AUTOGENERATED FILE. DO NOT EDIT THIS FILE DIRECTLY.
# yarn lockfile v1


tapable@^2.0.0:
  version "2.0.0"
  resolved "https://registry.npm.taobao.org/tapable/download/tapable-2.0.0.tgz?cache=0&sync_timestamp=1600381229402&other_urls=https%3A%2F%2Fregistry.npm.taobao.org%2Ftapable%2Fdownload%2Ftapable-2.0.0.tgz#a49c3d6a8a2bb606e7db372b82904c970d537a08"
  integrity sha1-pJw9aoortgbn2zcrgpBMlw1Tegg=
